// !$*UTF8*$!
{
	archiveVersion = 1;
	classes = {
	};
	objectVersion = 55;
	objects = {

/* Begin PBXBuildFile section */
		4E3097CD2889326300842B29 /* DetailViewController.swift in Sources */ = {isa = PBXBuildFile; fileRef = 4E3097CC2889326300842B29 /* DetailViewController.swift */; };
		4E3097CF288936D900842B29 /* webViewController.swift in Sources */ = {isa = PBXBuildFile; fileRef = 4E3097CE288936D900842B29 /* webViewController.swift */; };
		4E3097D2288938D400842B29 /* Kingfisher in Frameworks */ = {isa = PBXBuildFile; productRef = 4E3097D1288938D400842B29 /* Kingfisher */; };
		4E3097D428893A9100842B29 /* SearchViewController.swift in Sources */ = {isa = PBXBuildFile; fileRef = 4E3097D328893A9100842B29 /* SearchViewController.swift */; };
		4E3ED8DC2887CC2F000CAF04 /* AppDelegate.swift in Sources */ = {isa = PBXBuildFile; fileRef = 4E3ED8DB2887CC2F000CAF04 /* AppDelegate.swift */; };
		4E3ED8DE2887CC2F000CAF04 /* SceneDelegate.swift in Sources */ = {isa = PBXBuildFile; fileRef = 4E3ED8DD2887CC2F000CAF04 /* SceneDelegate.swift */; };
		4E3ED8E02887CC2F000CAF04 /* ViewController.swift in Sources */ = {isa = PBXBuildFile; fileRef = 4E3ED8DF2887CC2F000CAF04 /* ViewController.swift */; };
		4E3ED8E32887CC2F000CAF04 /* Main.storyboard in Resources */ = {isa = PBXBuildFile; fileRef = 4E3ED8E12887CC2F000CAF04 /* Main.storyboard */; };
		4E3ED8E52887CC31000CAF04 /* Assets.xcassets in Resources */ = {isa = PBXBuildFile; fileRef = 4E3ED8E42887CC31000CAF04 /* Assets.xcassets */; };
		4E3ED8E82887CC31000CAF04 /* LaunchScreen.storyboard in Resources */ = {isa = PBXBuildFile; fileRef = 4E3ED8E62887CC31000CAF04 /* LaunchScreen.storyboard */; };
		4E3ED8F02887CDA8000CAF04 /* bookCollectionViewCell.swift in Sources */ = {isa = PBXBuildFile; fileRef = 4E3ED8EF2887CDA8000CAF04 /* bookCollectionViewCell.swift */; };
		4E3ED8F22887CDBD000CAF04 /* bookCollectionViewController.swift in Sources */ = {isa = PBXBuildFile; fileRef = 4E3ED8F12887CDBD000CAF04 /* bookCollectionViewController.swift */; };
		4E3ED8F42887D1A4000CAF04 /* bookInfo.swift in Sources */ = {isa = PBXBuildFile; fileRef = 4E3ED8F32887D1A4000CAF04 /* bookInfo.swift */; };
		4E3ED8F62887D1CD000CAF04 /* book.swift in Sources */ = {isa = PBXBuildFile; fileRef = 4E3ED8F52887D1CD000CAF04 /* book.swift */; };
/* End PBXBuildFile section */

/* Begin PBXFileReference section */
		4E3097CC2889326300842B29 /* DetailViewController.swift */ = {isa = PBXFileReference; lastKnownFileType = sourcecode.swift; path = DetailViewController.swift; sourceTree = "<group>"; };
		4E3097CE288936D900842B29 /* webViewController.swift */ = {isa = PBXFileReference; lastKnownFileType = sourcecode.swift; path = webViewController.swift; sourceTree = "<group>"; };
		4E3097D328893A9100842B29 /* SearchViewController.swift */ = {isa = PBXFileReference; lastKnownFileType = sourcecode.swift; path = SearchViewController.swift; sourceTree = "<group>"; };
		4E3ED8D82887CC2F000CAF04 /* Book.app */ = {isa = PBXFileReference; explicitFileType = wrapper.application; includeInIndex = 0; path = Book.app; sourceTree = BUILT_PRODUCTS_DIR; };
		4E3ED8DB2887CC2F000CAF04 /* AppDelegate.swift */ = {isa = PBXFileReference; lastKnownFileType = sourcecode.swift; path = AppDelegate.swift; sourceTree = "<group>"; };
		4E3ED8DD2887CC2F000CAF04 /* SceneDelegate.swift */ = {isa = PBXFileReference; lastKnownFileType = sourcecode.swift; path = SceneDelegate.swift; sourceTree = "<group>"; };
		4E3ED8DF2887CC2F000CAF04 /* ViewController.swift */ = {isa = PBXFileReference; lastKnownFileType = sourcecode.swift; path = ViewController.swift; sourceTree = "<group>"; };
		4E3ED8E22887CC2F000CAF04 /* Base */ = {isa = PBXFileReference; lastKnownFileType = file.storyboard; name = Base; path = Base.lproj/Main.storyboard; sourceTree = "<group>"; };
		4E3ED8E42887CC31000CAF04 /* Assets.xcassets */ = {isa = PBXFileReference; lastKnownFileType = folder.assetcatalog; path = Assets.xcassets; sourceTree = "<group>"; };
		4E3ED8E72887CC31000CAF04 /* Base */ = {isa = PBXFileReference; lastKnownFileType = file.storyboard; name = Base; path = Base.lproj/LaunchScreen.storyboard; sourceTree = "<group>"; };
		4E3ED8E92887CC31000CAF04 /* Info.plist */ = {isa = PBXFileReference; lastKnownFileType = text.plist.xml; path = Info.plist; sourceTree = "<group>"; };
		4E3ED8EF2887CDA8000CAF04 /* bookCollectionViewCell.swift */ = {isa = PBXFileReference; lastKnownFileType = sourcecode.swift; path = bookCollectionViewCell.swift; sourceTree = "<group>"; };
		4E3ED8F12887CDBD000CAF04 /* bookCollectionViewController.swift */ = {isa = PBXFileReference; lastKnownFileType = sourcecode.swift; path = bookCollectionViewController.swift; sourceTree = "<group>"; };
		4E3ED8F32887D1A4000CAF04 /* bookInfo.swift */ = {isa = PBXFileReference; lastKnownFileType = sourcecode.swift; path = bookInfo.swift; sourceTree = "<group>"; };
		4E3ED8F52887D1CD000CAF04 /* book.swift */ = {isa = PBXFileReference; lastKnownFileType = sourcecode.swift; path = book.swift; sourceTree = "<group>"; };
/* End PBXFileReference section */

/* Begin PBXFrameworksBuildPhase section */
		4E3ED8D52887CC2F000CAF04 /* Frameworks */ = {
			isa = PBXFrameworksBuildPhase;
			buildActionMask = 2147483647;
			files = (
				4E3097D2288938D400842B29 /* Kingfisher in Frameworks */,
			);
			runOnlyForDeploymentPostprocessing = 0;
		};
/* End PBXFrameworksBuildPhase section */

/* Begin PBXGroup section */
		4E3ED8CF2887CC2F000CAF04 = {
			isa = PBXGroup;
			children = (
				4E3ED8DA2887CC2F000CAF04 /* Book */,
				4E3ED8D92887CC2F000CAF04 /* Products */,
			);
			sourceTree = "<group>";
		};
		4E3ED8D92887CC2F000CAF04 /* Products */ = {
			isa = PBXGroup;
			children = (
				4E3ED8D82887CC2F000CAF04 /* Book.app */,
			);
			name = Products;
			sourceTree = "<group>";
		};
		4E3ED8DA2887CC2F000CAF04 /* Book */ = {
			isa = PBXGroup;
			children = (
				4E3ED8DB2887CC2F000CAF04 /* AppDelegate.swift */,
				4E3ED8DD2887CC2F000CAF04 /* SceneDelegate.swift */,
				4E3ED8DF2887CC2F000CAF04 /* ViewController.swift */,
				4E3ED8E12887CC2F000CAF04 /* Main.storyboard */,
				4E3097CE288936D900842B29 /* webViewController.swift */,
				4E3097CC2889326300842B29 /* DetailViewController.swift */,
				4E3ED8EF2887CDA8000CAF04 /* bookCollectionViewCell.swift */,
				4E3097D328893A9100842B29 /* SearchViewController.swift */,
				4E3ED8F12887CDBD000CAF04 /* bookCollectionViewController.swift */,
				4E3ED8F32887D1A4000CAF04 /* bookInfo.swift */,
				4E3ED8F52887D1CD000CAF04 /* book.swift */,
				4E3ED8E42887CC31000CAF04 /* Assets.xcassets */,
				4E3ED8E62887CC31000CAF04 /* LaunchScreen.storyboard */,
				4E3ED8E92887CC31000CAF04 /* Info.plist */,
			);
			path = Book;
			sourceTree = "<group>";
		};
/* End PBXGroup section */

/* Begin PBXNativeTarget section */
		4E3ED8D72887CC2F000CAF04 /* Book */ = {
			isa = PBXNativeTarget;
			buildConfigurationList = 4E3ED8EC2887CC31000CAF04 /* Build configuration list for PBXNativeTarget "Book" */;
			buildPhases = (
				4E3ED8D42887CC2F000CAF04 /* Sources */,
				4E3ED8D52887CC2F000CAF04 /* Frameworks */,
				4E3ED8D62887CC2F000CAF04 /* Resources */,
			);
			buildRules = (
			);
			dependencies = (
			);
			name = Book;
			packageProductDependencies = (
				4E3097D1288938D400842B29 /* Kingfisher */,
			);
			productName = Book;
			productReference = 4E3ED8D82887CC2F000CAF04 /* Book.app */;
			productType = "com.apple.product-type.application";
		};
/* End PBXNativeTarget section */

/* Begin PBXProject section */
		4E3ED8D02887CC2F000CAF04 /* Project object */ = {
			isa = PBXProject;
			attributes = {
				BuildIndependentTargetsInParallel = 1;
				LastSwiftUpdateCheck = 1340;
				LastUpgradeCheck = 1340;
				TargetAttributes = {
					4E3ED8D72887CC2F000CAF04 = {
						CreatedOnToolsVersion = 13.4.1;
					};
				};
			};
			buildConfigurationList = 4E3ED8D32887CC2F000CAF04 /* Build configuration list for PBXProject "Book" */;
			compatibilityVersion = "Xcode 13.0";
			developmentRegion = en;
			hasScannedForEncodings = 0;
			knownRegions = (
				en,
				Base,
			);
			mainGroup = 4E3ED8CF2887CC2F000CAF04;
			packageReferences = (
				4E3097D0288938D400842B29 /* XCRemoteSwiftPackageReference "Kingfisher" */,
			);
			productRefGroup = 4E3ED8D92887CC2F000CAF04 /* Products */;
			projectDirPath = "";
			projectRoot = "";
			targets = (
				4E3ED8D72887CC2F000CAF04 /* Book */,
			);
		};
/* End PBXProject section */

/* Begin PBXResourcesBuildPhase section */
		4E3ED8D62887CC2F000CAF04 /* Resources */ = {
			isa = PBXResourcesBuildPhase;
			buildActionMask = 2147483647;
			files = (
				4E3ED8E82887CC31000CAF04 /* LaunchScreen.storyboard in Resources */,
				4E3ED8E52887CC31000CAF04 /* Assets.xcassets in Resources */,
				4E3ED8E32887CC2F000CAF04 /* Main.storyboard in Resources */,
			);
			runOnlyForDeploymentPostprocessing = 0;
		};
/* End PBXResourcesBuildPhase section */

/* Begin PBXSourcesBuildPhase section */
		4E3ED8D42887CC2F000CAF04 /* Sources */ = {
			isa = PBXSourcesBuildPhase;
			buildActionMask = 2147483647;
			files = (
				4E3097D428893A9100842B29 /* SearchViewController.swift in Sources */,
				4E3ED8F62887D1CD000CAF04 /* book.swift in Sources */,
				4E3ED8E02887CC2F000CAF04 /* ViewController.swift in Sources */,
				4E3ED8F22887CDBD000CAF04 /* bookCollectionViewController.swift in Sources */,
				4E3ED8F42887D1A4000CAF04 /* bookInfo.swift in Sources */,
				4E3ED8F02887CDA8000CAF04 /* bookCollectionViewCell.swift in Sources */,
				4E3097CF288936D900842B29 /* webViewController.swift in Sources */,
				4E3ED8DC2887CC2F000CAF04 /* AppDelegate.swift in Sources */,
				4E3ED8DE2887CC2F000CAF04 /* SceneDelegate.swift in Sources */,
				4E3097CD2889326300842B29 /* DetailViewController.swift in Sources */,
			);
			runOnlyForDeploymentPostprocessing = 0;
		};
/* End PBXSourcesBuildPhase section */

/* Begin PBXVariantGroup section */
		4E3ED8E12887CC2F000CAF04 /* Main.storyboard */ = {
			isa = PBXVariantGroup;
			children = (
				4E3ED8E22887CC2F000CAF04 /* Base */,
			);
			name = Main.storyboard;
			sourceTree = "<group>";
		};
		4E3ED8E62887CC31000CAF04 /* LaunchScreen.storyboard */ = {
			isa = PBXVariantGroup;
			children = (
				4E3ED8E72887CC31000CAF04 /* Base */,
			);
			name = LaunchScreen.storyboard;
			sourceTree = "<group>";
		};
/* End PBXVariantGroup section */

/* Begin XCBuildConfiguration section */
		4E3ED8EA2887CC31000CAF04 /* Debug */ = {
			isa = XCBuildConfiguration;
			buildSettings = {
				ALWAYS_SEARCH_USER_PATHS = NO;
				CLANG_ANALYZER_NONNULL = YES;
				CLANG_ANALYZER_NUMBER_OBJECT_CONVERSION = YES_AGGRESSIVE;
				CLANG_CXX_LANGUAGE_STANDARD = "gnu++17";
				CLANG_ENABLE_MODULES = YES;
				CLANG_ENABLE_OBJC_ARC = YES;
				CLANG_ENABLE_OBJC_WEAK = YES;
				CLANG_WARN_BLOCK_CAPTURE_AUTORELEASING = YES;
				CLANG_WARN_BOOL_CONVERSION = YES;
				CLANG_WARN_COMMA = YES;
				CLANG_WARN_CONSTANT_CONVERSION = YES;
				CLANG_WARN_DEPRECATED_OBJC_IMPLEMENTATIONS = YES;
				CLANG_WARN_DIRECT_OBJC_ISA_USAGE = YES_ERROR;
				CLANG_WARN_DOCUMENTATION_COMMENTS = YES;
				CLANG_WARN_EMPTY_BODY = YES;
				CLANG_WARN_ENUM_CONVERSION = YES;
				CLANG_WARN_INFINITE_RECURSION = YES;
				CLANG_WARN_INT_CONVERSION = YES;
				CLANG_WARN_NON_LITERAL_NULL_CONVERSION = YES;
				CLANG_WARN_OBJC_IMPLICIT_RETAIN_SELF = YES;
				CLANG_WARN_OBJC_LITERAL_CONVERSION = YES;
				CLANG_WARN_OBJC_ROOT_CLASS = YES_ERROR;
				CLANG_WARN_QUOTED_INCLUDE_IN_FRAMEWORK_HEADER = YES;
				CLANG_WARN_RANGE_LOOP_ANALYSIS = YES;
				CLANG_WARN_STRICT_PROTOTYPES = YES;
				CLANG_WARN_SUSPICIOUS_MOVE = YES;
				CLANG_WARN_UNGUARDED_AVAILABILITY = YES_AGGRESSIVE;
				CLANG_WARN_UNREACHABLE_CODE = YES;
				CLANG_WARN__DUPLICATE_METHOD_MATCH = YES;
				COPY_PHASE_STRIP = NO;
				DEBUG_INFORMATION_FORMAT = dwarf;
				ENABLE_STRICT_OBJC_MSGSEND = YES;
				ENABLE_TESTABILITY = YES;
				GCC_C_LANGUAGE_STANDARD = gnu11;
				GCC_DYNAMIC_NO_PIC = NO;
				GCC_NO_COMMON_BLOCKS = YES;
				GCC_OPTIMIZATION_LEVEL = 0;
				GCC_PREPROCESSOR_DEFINITIONS = (
					"DEBUG=1",
					"$(inherited)",
				);
				GCC_WARN_64_TO_32_BIT_CONVERSION = YES;
				GCC_WARN_ABOUT_RETURN_TYPE = YES_ERROR;
				GCC_WARN_UNDECLARED_SELECTOR = YES;
				GCC_WARN_UNINITIALIZED_AUTOS = YES_AGGRESSIVE;
				GCC_WARN_UNUSED_FUNCTION = YES;
				GCC_WARN_UNUSED_VARIABLE = YES;
				IPHONEOS_DEPLOYMENT_TARGET = 15.5;
				MTL_ENABLE_DEBUG_INFO = INCLUDE_SOURCE;
				MTL_FAST_MATH = YES;
				ONLY_ACTIVE_ARCH = YES;
				SDKROOT = iphoneos;
				SWIFT_ACTIVE_COMPILATION_CONDITIONS = DEBUG;
				SWIFT_OPTIMIZATION_LEVEL = "-Onone";
			};
			name = Debug;
		};
		4E3ED8EB2887CC31000CAF04 /* Release */ = {
			isa = XCBuildConfiguration;
			buildSettings = {
				ALWAYS_SEARCH_USER_PATHS = NO;
				CLANG_ANALYZER_NONNULL = YES;
				CLANG_ANALYZER_NUMBER_OBJECT_CONVERSION = YES_AGGRESSIVE;
				CLANG_CXX_LANGUAGE_STANDARD = "gnu++17";
				CLANG_ENABLE_MODULES = YES;
				CLANG_ENABLE_OBJC_ARC = YES;
				CLANG_ENABLE_OBJC_WEAK = YES;
				CLANG_WARN_BLOCK_CAPTURE_AUTORELEASING = YES;
				CLANG_WARN_BOOL_CONVERSION = YES;
				CLANG_WARN_COMMA = YES;
				CLANG_WARN_CONSTANT_CONVERSION = YES;
				CLANG_WARN_DEPRECATED_OBJC_IMPLEMENTATIONS = YES;
				CLANG_WARN_DIRECT_OBJC_ISA_USAGE = YES_ERROR;
				CLANG_WARN_DOCUMENTATION_COMMENTS = YES;
				CLANG_WARN_EMPTY_BODY = YES;
				CLANG_WARN_ENUM_CONVERSION = YES;
				CLANG_WARN_INFINITE_RECURSION = YES;
				CLANG_WARN_INT_CONVERSION = YES;
				CLANG_WARN_NON_LITERAL_NULL_CONVERSION = YES;
				CLANG_WARN_OBJC_IMPLICIT_RETAIN_SELF = YES;
				CLANG_WARN_OBJC_LITERAL_CONVERSION = YES;
				CLANG_WARN_OBJC_ROOT_CLASS = YES_ERROR;
				CLANG_WARN_QUOTED_INCLUDE_IN_FRAMEWORK_HEADER = YES;
				CLANG_WARN_RANGE_LOOP_ANALYSIS = YES;
				CLANG_WARN_STRICT_PROTOTYPES = YES;
				CLANG_WARN_SUSPICIOUS_MOVE = YES;
				CLANG_WARN_UNGUARDED_AVAILABILITY = YES_AGGRESSIVE;
				CLANG_WARN_UNREACHABLE_CODE = YES;
				CLANG_WARN__DUPLICATE_METHOD_MATCH = YES;
				COPY_PHASE_STRIP = NO;
				DEBUG_INFORMATION_FORMAT = "dwarf-with-dsym";
				ENABLE_NS_ASSERTIONS = NO;
				ENABLE_STRICT_OBJC_MSGSEND = YES;
				GCC_C_LANGUAGE_STANDARD = gnu11;
				GCC_NO_COMMON_BLOCKS = YES;
				GCC_WARN_64_TO_32_BIT_CONVERSION = YES;
				GCC_WARN_ABOUT_RETURN_TYPE = YES_ERROR;
				GCC_WARN_UNDECLARED_SELECTOR = YES;
				GCC_WARN_UNINITIALIZED_AUTOS = YES_AGGRESSIVE;
				GCC_WARN_UNUSED_FUNCTION = YES;
				GCC_WARN_UNUSED_VARIABLE = YES;
				IPHONEOS_DEPLOYMENT_TARGET = 15.5;
				MTL_ENABLE_DEBUG_INFO = NO;
				MTL_FAST_MATH = YES;
				SDKROOT = iphoneos;
				SWIFT_COMPILATION_MODE = wholemodule;
				SWIFT_OPTIMIZATION_LEVEL = "-O";
				VALIDATE_PRODUCT = YES;
			};
			name = Release;
		};
		4E3ED8ED2887CC31000CAF04 /* Debug */ = {
			isa = XCBuildConfiguration;
			buildSettings = {
				ASSETCATALOG_COMPILER_APPICON_NAME = AppIcon;
				ASSETCATALOG_COMPILER_GLOBAL_ACCENT_COLOR_NAME = AccentColor;
				CODE_SIGN_STYLE = Automatic;
				CURRENT_PROJECT_VERSION = 1;
				GENERATE_INFOPLIST_FILE = YES;
				INFOPLIST_FILE = Book/Info.plist;
				INFOPLIST_KEY_UIApplicationSupportsIndirectInputEvents = YES;
				INFOPLIST_KEY_UILaunchStoryboardName = LaunchScreen;
				INFOPLIST_KEY_UIMainStoryboardFile = Main;
				INFOPLIST_KEY_UISupportedInterfaceOrientations_iPad = "UIInterfaceOrientationPortrait UIInterfaceOrientationPortraitUpsideDown UIInterfaceOrientationLandscapeLeft UIInterfaceOrientationLandscapeRight";
				INFOPLIST_KEY_UISupportedInterfaceOrientations_iPhone = "UIInterfaceOrientationPortrait UIInterfaceOrientationLandscapeLeft UIInterfaceOrientationLandscapeRight";
				LD_RUNPATH_SEARCH_PATHS = (
					"$(inherited)",
					"@executable_path/Frameworks",
				);
				MARKETING_VERSION = 1.0;
				PRODUCT_BUNDLE_IDENTIFIER = com.sihyun.Book;
				PRODUCT_NAME = "$(TARGET_NAME)";
				SWIFT_EMIT_LOC_STRINGS = YES;
				SWIFT_VERSION = 5.0;
				TARGETED_DEVICE_FAMILY = "1,2";
			};
			name = Debug;
		};
		4E3ED8EE2887CC31000CAF04 /* Release */ = {
			isa = XCBuildConfiguration;
			buildSettings = {
				ASSETCATALOG_COMPILER_APPICON_NAME = AppIcon;
				ASSETCATALOG_COMPILER_GLOBAL_ACCENT_COLOR_NAME = AccentColor;
				CODE_SIGN_STYLE = Automatic;
				CURRENT_PROJECT_VERSION = 1;
				GENERATE_INFOPLIST_FILE = YES;
				INFOPLIST_FILE = Book/Info.plist;
				INFOPLIST_KEY_UIApplicationSupportsIndirectInputEvents = YES;
				INFOPLIST_KEY_UILaunchStoryboardName = LaunchScreen;
				INFOPLIST_KEY_UIMainStoryboardFile = Main;
				INFOPLIST_KEY_UISupportedInterfaceOrientations_iPad = "UIInterfaceOrientationPortrait UIInterfaceOrientationPortraitUpsideDown UIInterfaceOrientationLandscapeLeft UIInterfaceOrientationLandscapeRight";
				INFOPLIST_KEY_UISupportedInterfaceOrientations_iPhone = "UIInterfaceOrientationPortrait UIInterfaceOrientationLandscapeLeft UIInterfaceOrientationLandscapeRight";
				LD_RUNPATH_SEARCH_PATHS = (
					"$(inherited)",
					"@executable_path/Frameworks",
				);
				MARKETING_VERSION = 1.0;
				PRODUCT_BUNDLE_IDENTIFIER = com.sihyun.Book;
				PRODUCT_NAME = "$(TARGET_NAME)";
				SWIFT_EMIT_LOC_STRINGS = YES;
				SWIFT_VERSION = 5.0;
				TARGETED_DEVICE_FAMILY = "1,2";
			};
			name = Release;
		};
/* End XCBuildConfiguration section */

/* Begin XCConfigurationList section */
		4E3ED8D32887CC2F000CAF04 /* Build configuration list for PBXProject "Book" */ = {
			isa = XCConfigurationList;
			buildConfigurations = (
				4E3ED8EA2887CC31000CAF04 /* Debug */,
				4E3ED8EB2887CC31000CAF04 /* Release */,
			);
			defaultConfigurationIsVisible = 0;
			defaultConfigurationName = Release;
		};
		4E3ED8EC2887CC31000CAF04 /* Build configuration list for PBXNativeTarget "Book" */ = {
			isa = XCConfigurationList;
			buildConfigurations = (
				4E3ED8ED2887CC31000CAF04 /* Debug */,
				4E3ED8EE2887CC31000CAF04 /* Release */,
			);
			defaultConfigurationIsVisible = 0;
			defaultConfigurationName = Release;
		};
/* End XCConfigurationList section */

/* Begin XCRemoteSwiftPackageReference section */
		4E3097D0288938D400842B29 /* XCRemoteSwiftPackageReference "Kingfisher" */ = {
			isa = XCRemoteSwiftPackageReference;
			repositoryURL = "https://github.com/onevcat/Kingfisher.git";
			requirement = {
				kind = upToNextMajorVersion;
				minimumVersion = 7.0.0;
			};
		};
/* End XCRemoteSwiftPackageReference section */

/* Begin XCSwiftPackageProductDependency section */
		4E3097D1288938D400842B29 /* Kingfisher */ = {
			isa = XCSwiftPackageProductDependency;
			package = 4E3097D0288938D400842B29 /* XCRemoteSwiftPackageReference "Kingfisher" */;
			productName = Kingfisher;
		};
/* End XCSwiftPackageProductDependency section */
	};
	rootObject = 4E3ED8D02887CC2F000CAF04 /* Project object */;
}
